
Microsoft Visual Studio Solution File, Format Version 12.00
# Visual Studio 2013
VisualStudioVersion = 12.0.31101.0
MinimumVisualStudioVersion = 10.0.40219.1
Project("{FAE04EC0-301F-11D3-BF4B-00C04F79EFBC}") = "BuildAddons.Tasks", "src\BuildAddons.Tasks\BuildAddons.Tasks.csproj", "{5CDA8E7C-5C82-4641-B30E-17CE9D7DB6F5}"
EndProject
Project("{FAE04EC0-301F-11D3-BF4B-00C04F79EFBC}") = "BuildAddons.Tasks.Tests", "tests\BuildAddons.Tasks.Tests\BuildAddons.Tasks.Tests.csproj", "{C8F5CB7C-9587-44B2-9ACF-0578B8E4B903}"
EndProject
Project("{2150E333-8FDC-42A3-9474-1A3956D46DE8}") = "Tests", "Tests", "{256FDE95-DDBB-4537-A507-D319AEE7C17D}"
EndProject
Project("{2150E333-8FDC-42A3-9474-1A3956D46DE8}") = "SolutionItems", "SolutionItems", "{0EDBDDF9-398E-4285-AFCA-7FCD083F3125}"
	ProjectSection(SolutionItems) = preProject
		LICENSE.md = LICENSE.md
		README.md = README.md
	EndProjectSection
EndProject
Global
	GlobalSection(SolutionConfigurationPlatforms) = preSolution
		Debug|Any CPU = Debug|Any CPU
		Release|Any CPU = Release|Any CPU
	EndGlobalSection
	GlobalSection(ProjectConfigurationPlatforms) = postSolution
		{5CDA8E7C-5C82-4641-B30E-17CE9D7DB6F5}.Debug|Any CPU.ActiveCfg = Debug|Any CPU
		{5CDA8E7C-5C82-4641-B30E-17CE9D7DB6F5}.Debug|Any CPU.Build.0 = Debug|Any CPU
		{5CDA8E7C-5C82-4641-B30E-17CE9D7DB6F5}.Release|Any CPU.ActiveCfg = Release|Any CPU
		{5CDA8E7C-5C82-4641-B30E-17CE9D7DB6F5}.Release|Any CPU.Build.0 = Release|Any CPU
		{C8F5CB7C-9587-44B2-9ACF-0578B8E4B903}.Debug|Any CPU.ActiveCfg = Debug|Any CPU
		{C8F5CB7C-9587-44B2-9ACF-0578B8E4B903}.Debug|Any CPU.Build.0 = Debug|Any CPU
		{C8F5CB7C-9587-44B2-9ACF-0578B8E4B903}.Release|Any CPU.ActiveCfg = Release|Any CPU
		{C8F5CB7C-9587-44B2-9ACF-0578B8E4B903}.Release|Any CPU.Build.0 = Release|Any CPU
	EndGlobalSection
	GlobalSection(SolutionProperties) = preSolution
		HideSolutionNode = FALSE
	EndGlobalSection
	GlobalSection(NestedProjects) = preSolution
		{C8F5CB7C-9587-44B2-9ACF-0578B8E4B903} = {256FDE95-DDBB-4537-A507-D319AEE7C17D}
	EndGlobalSection
EndGlobal
